Microsoft Visual Studio Solution File, Format Version 12.00
# Visual Studio Version 17
VisualStudioVersion = 17.5.2.0
MinimumVisualStudioVersion = 10.0.40219.1
Project("{FAE04EC0-301F-11D3-BF4B-00C04F79EFBC}") = "napas_poc", "napas_poc\napas_poc.csproj", "{F29D8562-69A5-5470-0703-6089EEBA8E43}"
EndProject
Global
	GlobalSection(SolutionConfigurationPlatforms) = preSolution
		Debug|Any CPU = Debug|Any CPU
		Release|Any CPU = Release|Any CPU
	EndGlobalSection
	GlobalSection(ProjectConfigurationPlatforms) = postSolution
		{F29D8562-69A5-5470-0703-6089EEBA8E43}.Debug|Any CPU.ActiveCfg = Debug|Any CPU
		{F29D8562-69A5-5470-0703-6089EEBA8E43}.Debug|Any CPU.Build.0 = Debug|Any CPU
		{F29D8562-69A5-5470-0703-6089EEBA8E43}.Release|Any CPU.ActiveCfg = Release|Any CPU
		{F29D8562-69A5-5470-0703-6089EEBA8E43}.Release|Any CPU.Build.0 = Release|Any CPU
	EndGlobalSection
	GlobalSection(SolutionProperties) = preSolution
		HideSolutionNode = FALSE
	EndGlobalSection
	GlobalSection(ExtensibilityGlobals) = postSolution
		SolutionGuid = {39730C78-4097-40B5-9B10-937961E5C90A}
	EndGlobalSection
EndGlobal
